
Microsoft Visual Studio Solution File, Format Version 12.00
# Visual Studio 14
VisualStudioVersion = 14.0.25420.1
MinimumVisualStudioVersion = 10.0.40219.1
Project("{FAE04EC0-301F-11D3-BF4B-00C04F79EFBC}") = "Ajax_With_JavaScript", "Ajax_With_JavaScript\Ajax_With_JavaScript.csproj", "{126DA7A7-DC67-4782-8C90-B1E6F897B309}"
EndProject
Project("{FAE04EC0-301F-11D3-BF4B-00C04F79EFBC}") = "Ajax_With_JavaScript.UnitTests", "UnitTestProject1\Ajax_With_JavaScript.UnitTests.csproj", "{0C8B57F0-9F5D-46CF-A06B-2EB8BD27C0DE}"
EndProject
Global
	GlobalSection(SolutionConfigurationPlatforms) = preSolution
		Debug|Any CPU = Debug|Any CPU
		Release|Any CPU = Release|Any CPU
	EndGlobalSection
	GlobalSection(ProjectConfigurationPlatforms) = postSolution
		{126DA7A7-DC67-4782-8C90-B1E6F897B309}.Debug|Any CPU.ActiveCfg = Debug|Any CPU
		{126DA7A7-DC67-4782-8C90-B1E6F897B309}.Debug|Any CPU.Build.0 = Debug|Any CPU
		{126DA7A7-DC67-4782-8C90-B1E6F897B309}.Release|Any CPU.ActiveCfg = Release|Any CPU
		{126DA7A7-DC67-4782-8C90-B1E6F897B309}.Release|Any CPU.Build.0 = Release|Any CPU
		{0C8B57F0-9F5D-46CF-A06B-2EB8BD27C0DE}.Debug|Any CPU.ActiveCfg = Debug|Any CPU
		{0C8B57F0-9F5D-46CF-A06B-2EB8BD27C0DE}.Debug|Any CPU.Build.0 = Debug|Any CPU
		{0C8B57F0-9F5D-46CF-A06B-2EB8BD27C0DE}.Release|Any CPU.ActiveCfg = Release|Any CPU
		{0C8B57F0-9F5D-46CF-A06B-2EB8BD27C0DE}.Release|Any CPU.Build.0 = Release|Any CPU
	EndGlobalSection
	GlobalSection(SolutionProperties) = preSolution
		HideSolutionNode = FALSE
	EndGlobalSection
EndGlobal
